#MicroXplorer Configuration settings - do not modify
Mcu.Family=STM32F4
ProjectManager.MainLocation=Core/Src
ProjectManager.ProjectFileName=F401_LCD_I2C.ioc
RCC.CortexFreq_Value=84000000
ProjectManager.KeepUserCode=true
Mcu.UserName=STM32F401CCUx
Mcu.PinsNb=7
ProjectManager.NoMain=false
RCC.PLLCLKFreq_Value=84000000
RCC.PLLQCLKFreq_Value=42000000
ProjectManager.functionlistsort=1-SystemClock_Config-RCC-false-HAL-false
PH1\ -\ OSC_OUT.Mode=HSE-External-Oscillator
RCC.RTCFreq_Value=32000
ProjectManager.DefaultFWLocation=true
ProjectManager.DeletePrevious=true
RCC.APB1CLKDivider=RCC_HCLK_DIV2
PinOutPanel.RotationAngle=0
RCC.SYSCLKSource=RCC_SYSCLKSOURCE_PLLCLK
ProjectManager.StackSize=0x400
PA13.Signal=SYS_JTMS-SWDIO
RCC.FCLKCortexFreq_Value=84000000
Mcu.IP2=RCC
NVIC.SVCall_IRQn=true\:0\:0\:false\:false\:true\:false\:false
I2C1.IPParameters=I2C_Mode
Mcu.IP3=SYS
Mcu.IP0=I2C1
Mcu.IP1=NVIC
PH0\ -\ OSC_IN.Mode=HSE-External-Oscillator
Mcu.UserConstants=
PH0\ -\ OSC_IN.Signal=RCC_OSC_IN
ProjectManager.TargetToolchain=STM32CubeIDE
I2C1.I2C_Mode=I2C_Fast
Mcu.ThirdPartyNb=0
RCC.HCLKFreq_Value=84000000
Mcu.IPNb=4
RCC.I2SClocksFreq_Value=192000000
ProjectManager.PreviousToolchain=
RCC.APB2TimFreq_Value=84000000
PB6.Signal=I2C1_SCL
RCC.VcooutputI2S=192000000
PB6.Mode=I2C
Mcu.Pin6=VP_SYS_VS_Systick
ProjectManager.RegisterCallBack=
RCC.LSE_VALUE=32768
RCC.AHBFreq_Value=84000000
Mcu.Pin0=PH0 - OSC_IN
Mcu.Pin1=PH1 - OSC_OUT
Mcu.Pin2=PA13
Mcu.Pin3=PA14
Mcu.Pin4=PB6
RCC.VCOI2SOutputFreq_Value=384000000
Mcu.Pin5=PB7
ProjectManager.ProjectBuild=false
RCC.HSE_VALUE=25000000
NVIC.UsageFault_IRQn=true\:0\:0\:false\:false\:true\:false\:false
NVIC.DebugMonitor_IRQn=true\:0\:0\:false\:false\:true\:false\:false
PH1\ -\ OSC_OUT.Signal=RCC_OSC_OUT
board=custom
RCC.VCOOutputFreq_Value=168000000
NVIC.SysTick_IRQn=true\:0\:0\:false\:false\:true\:false\:true
ProjectManager.LastFirmware=true
ProjectManager.FirmwarePackage=STM32Cube FW_F4 V1.26.1
MxDb.Version=DB.6.0.21
RCC.APB2Freq_Value=84000000
ProjectManager.BackupPrevious=false
MxCube.Version=6.2.1
RCC.VCOInputFreq_Value=2000000
PA14.Mode=Serial_Wire
File.Version=6
VP_SYS_VS_Systick.Mode=SysTick
PB7.Signal=I2C1_SDA
NVIC.NonMaskableInt_IRQn=true\:0\:0\:false\:false\:true\:false\:false
NVIC.PendSV_IRQn=true\:0\:0\:false\:false\:true\:false\:false
PA13.Mode=Serial_Wire
ProjectManager.FreePins=false
RCC.IPParameters=48MHZClocksFreq_Value,AHBFreq_Value,APB1CLKDivider,APB1Freq_Value,APB1TimFreq_Value,APB2Freq_Value,APB2TimFreq_Value,CortexFreq_Value,FCLKCortexFreq_Value,HCLKFreq_Value,HSE_VALUE,HSI_VALUE,I2SClocksFreq_Value,LSE_VALUE,LSI_VALUE,PLLCLKFreq_Value,PLLM,PLLN,PLLQCLKFreq_Value,RTCFreq_Value,RTCHSEDivFreq_Value,SYSCLKFreq_VALUE,SYSCLKSource,VCOI2SOutputFreq_Value,VCOInputFreq_Value,VCOOutputFreq_Value,VcooutputI2S
ProjectManager.AskForMigrate=true
Mcu.Name=STM32F401C(B-C)Ux
ProjectManager.HalAssertFull=false
RCC.RTCHSEDivFreq_Value=12500000
ProjectManager.ProjectName=F401_LCD_I2C
ProjectManager.UnderRoot=true
ProjectManager.CoupleFile=false
RCC.48MHZClocksFreq_Value=42000000
RCC.SYSCLKFreq_VALUE=84000000
Mcu.Package=UFQFPN48
NVIC.ForceEnableDMAVector=true
KeepUserPlacement=false
NVIC.MemoryManagement_IRQn=true\:0\:0\:false\:false\:true\:false\:false
ProjectManager.CompilerOptimize=6
ProjectManager.ToolChainLocation=
RCC.LSI_VALUE=32000
VP_SYS_VS_Systick.Signal=SYS_VS_Systick
PB7.Mode=I2C
PA14.Signal=SYS_JTCK-SWCLK
ProjectManager.HeapSize=0x200
NVIC.HardFault_IRQn=true\:0\:0\:false\:false\:true\:false\:false
ProjectManager.ComputerToolchain=false
RCC.HSI_VALUE=16000000
NVIC.PriorityGroup=NVIC_PRIORITYGROUP_4
RCC.PLLM=8
RCC.PLLN=84
RCC.APB1TimFreq_Value=84000000
NVIC.BusFault_IRQn=true\:0\:0\:false\:false\:true\:false\:false
RCC.APB1Freq_Value=42000000
ProjectManager.CustomerFirmwarePackage=
ProjectManager.DeviceId=STM32F401CCUx
ProjectManager.LibraryCopy=1
isbadioc=false
